
Microsoft Visual Studio Solution File, Format Version 12.00
# Visual Studio Version 17
VisualStudioVersion = 17.14.36623.8 d17.14
MinimumVisualStudioVersion = 10.0.40219.1
Project("{FAE04EC0-301F-11D3-BF4B-00C04F79EFBC}") = "IntergrationTestDemo.sln", "IntergrationTestDemo.sln\IntergrationTestDemo.sln.csproj", "{E2ECF3DE-AD9E-4A51-96E5-AB6F3C1A297E}"
EndProject
Project("{FAE04EC0-301F-11D3-BF4B-00C04F79EFBC}") = "MyApp.IntergrationTest.sln", "MyApp.IntergrationTest.sln\MyApp.IntergrationTest.sln.csproj", "{CDA8EFF2-32FC-4F3C-A8CC-EF9453F45DC9}"
EndProject
Global
	GlobalSection(SolutionConfigurationPlatforms) = preSolution
		Debug|Any CPU = Debug|Any CPU
		Release|Any CPU = Release|Any CPU
	EndGlobalSection
	GlobalSection(ProjectConfigurationPlatforms) = postSolution
		{E2ECF3DE-AD9E-4A51-96E5-AB6F3C1A297E}.Debug|Any CPU.ActiveCfg = Debug|Any CPU
		{E2ECF3DE-AD9E-4A51-96E5-AB6F3C1A297E}.Debug|Any CPU.Build.0 = Debug|Any CPU
		{E2ECF3DE-AD9E-4A51-96E5-AB6F3C1A297E}.Release|Any CPU.ActiveCfg = Release|Any CPU
		{E2ECF3DE-AD9E-4A51-96E5-AB6F3C1A297E}.Release|Any CPU.Build.0 = Release|Any CPU
		{CDA8EFF2-32FC-4F3C-A8CC-EF9453F45DC9}.Debug|Any CPU.ActiveCfg = Debug|Any CPU
		{CDA8EFF2-32FC-4F3C-A8CC-EF9453F45DC9}.Debug|Any CPU.Build.0 = Debug|Any CPU
		{CDA8EFF2-32FC-4F3C-A8CC-EF9453F45DC9}.Release|Any CPU.ActiveCfg = Release|Any CPU
		{CDA8EFF2-32FC-4F3C-A8CC-EF9453F45DC9}.Release|Any CPU.Build.0 = Release|Any CPU
	EndGlobalSection
	GlobalSection(SolutionProperties) = preSolution
		HideSolutionNode = FALSE
	EndGlobalSection
	GlobalSection(ExtensibilityGlobals) = postSolution
		SolutionGuid = {88D2789E-B772-4574-90C2-EFAAF8F4C760}
	EndGlobalSection
EndGlobal
